
Microsoft Visual Studio Solution File, Format Version 12.00
# Visual Studio Version 17
VisualStudioVersion = 17.0.32112.339
MinimumVisualStudioVersion = 10.0.40219.1
Project("{FAE04EC0-301F-11D3-BF4B-00C04F79EFBC}") = "Scada-TM221-WaterFllow", "Scada-TM221-WaterFllow.csproj", "{A112D3D5-3827-4F38-9629-0D1D7CBD305B}"
EndProject
Global
	GlobalSection(SolutionConfigurationPlatforms) = preSolution
		Debug|Any CPU = Debug|Any CPU
		Release|Any CPU = Release|Any CPU
	EndGlobalSection
	GlobalSection(ProjectConfigurationPlatforms) = postSolution
		{A112D3D5-3827-4F38-9629-0D1D7CBD305B}.Debug|Any CPU.ActiveCfg = Debug|Any CPU
		{A112D3D5-3827-4F38-9629-0D1D7CBD305B}.Debug|Any CPU.Build.0 = Debug|Any CPU
		{A112D3D5-3827-4F38-9629-0D1D7CBD305B}.Release|Any CPU.ActiveCfg = Release|Any CPU
		{A112D3D5-3827-4F38-9629-0D1D7CBD305B}.Release|Any CPU.Build.0 = Release|Any CPU
	EndGlobalSection
	GlobalSection(SolutionProperties) = preSolution
		HideSolutionNode = FALSE
	EndGlobalSection
	GlobalSection(ExtensibilityGlobals) = postSolution
		SolutionGuid = {0CB5BDFE-BC4D-413E-BF95-F5318E091B48}
	EndGlobalSection
EndGlobal
